
Microsoft Visual Studio Solution File, Format Version 12.00
# Visual Studio Version 16
VisualStudioVersion = 16.0.32413.511
MinimumVisualStudioVersion = 10.0.40219.1
Project("{FAE04EC0-301F-11D3-BF4B-00C04F79EFBC}") = "IntroSQL", "IntroSQL.csproj", "{1B2B85FB-B2DF-412B-90FC-1995D6CE9E2F}"
EndProject
Global
	GlobalSection(SolutionConfigurationPlatforms) = preSolution
		Debug|Any CPU = Debug|Any CPU
		Release|Any CPU = Release|Any CPU
	EndGlobalSection
	GlobalSection(ProjectConfigurationPlatforms) = postSolution
		{1B2B85FB-B2DF-412B-90FC-1995D6CE9E2F}.Debug|Any CPU.ActiveCfg = Debug|Any CPU
		{1B2B85FB-B2DF-412B-90FC-1995D6CE9E2F}.Debug|Any CPU.Build.0 = Debug|Any CPU
		{1B2B85FB-B2DF-412B-90FC-1995D6CE9E2F}.Release|Any CPU.ActiveCfg = Release|Any CPU
		{1B2B85FB-B2DF-412B-90FC-1995D6CE9E2F}.Release|Any CPU.Build.0 = Release|Any CPU
	EndGlobalSection
	GlobalSection(SolutionProperties) = preSolution
		HideSolutionNode = FALSE
	EndGlobalSection
	GlobalSection(ExtensibilityGlobals) = postSolution
		SolutionGuid = {75014D1C-4A1F-45A9-A949-4165C8DF18BD}
	EndGlobalSection
EndGlobal
